
Microsoft Visual Studio Solution File, Format Version 12.00
# Visual Studio Version 17
VisualStudioVersion = 17.0.31903.59
MinimumVisualStudioVersion = 10.0.40219.1
Project("{2150E333-8FDC-42A3-9474-1A3956D46DE8}") = "src", "src", "{827E0CD3-B72D-47B6-A68D-7590B98EB39B}"
EndProject
Project("{FAE04EC0-301F-11D3-BF4B-00C04F79EFBC}") = "SpendSmart.Auth.API", "src\SpendSmart.Auth.API\SpendSmart.Auth.API.csproj", "{DC9CA65E-9D15-4E7C-B960-5B2BBCE30A2D}"
EndProject
Project("{FAE04EC0-301F-11D3-BF4B-00C04F79EFBC}") = "SpendSmart.Contracts", "src\SpendSmart.Contracts\SpendSmart.Contracts.csproj", "{3DFA6CCB-AC34-4960-A21A-95EEDAB33576}"
EndProject
Project("{FAE04EC0-301F-11D3-BF4B-00C04F79EFBC}") = "SpendSmart.Expense.API", "src\SpendSmart.Expense.API\SpendSmart.Expense.API.csproj", "{225E8933-3A45-48A2-BAF8-8C90AEEEFF42}"
EndProject
Project("{FAE04EC0-301F-11D3-BF4B-00C04F79EFBC}") = "SpendSmart.Income.API", "src\SpendSmart.Income.API\SpendSmart.Income.API.csproj", "{855F02BD-A6DE-4A4C-A078-CDE43AF40976}"
EndProject
Project("{FAE04EC0-301F-11D3-BF4B-00C04F79EFBC}") = "SpendSmart.Category.API", "src\SpendSmart.Category.API\SpendSmart.Category.API.csproj", "{4F8BE1D1-1C26-4254-87EC-4A0242F4DF0B}"
EndProject
Project("{FAE04EC0-301F-11D3-BF4B-00C04F79EFBC}") = "SpendSmart.Budget.API", "src\SpendSmart.Budget.API\SpendSmart.Budget.API.csproj", "{D9B40DF0-D6A0-47C1-B378-EC25B00E6DB5}"
EndProject
Global
	GlobalSection(SolutionConfigurationPlatforms) = preSolution
		Debug|Any CPU = Debug|Any CPU
		Debug|x64 = Debug|x64
		Debug|x86 = Debug|x86
		Release|Any CPU = Release|Any CPU
		Release|x64 = Release|x64
		Release|x86 = Release|x86
	EndGlobalSection
	GlobalSection(ProjectConfigurationPlatforms) = postSolution
		{DC9CA65E-9D15-4E7C-B960-5B2BBCE30A2D}.Debug|Any CPU.ActiveCfg = Debug|Any CPU
		{DC9CA65E-9D15-4E7C-B960-5B2BBCE30A2D}.Debug|Any CPU.Build.0 = Debug|Any CPU
		{DC9CA65E-9D15-4E7C-B960-5B2BBCE30A2D}.Debug|x64.ActiveCfg = Debug|Any CPU
		{DC9CA65E-9D15-4E7C-B960-5B2BBCE30A2D}.Debug|x64.Build.0 = Debug|Any CPU
		{DC9CA65E-9D15-4E7C-B960-5B2BBCE30A2D}.Debug|x86.ActiveCfg = Debug|Any CPU
		{DC9CA65E-9D15-4E7C-B960-5B2BBCE30A2D}.Debug|x86.Build.0 = Debug|Any CPU
		{DC9CA65E-9D15-4E7C-B960-5B2BBCE30A2D}.Release|Any CPU.ActiveCfg = Release|Any CPU
		{DC9CA65E-9D15-4E7C-B960-5B2BBCE30A2D}.Release|Any CPU.Build.0 = Release|Any CPU
		{DC9CA65E-9D15-4E7C-B960-5B2BBCE30A2D}.Release|x64.ActiveCfg = Release|Any CPU
		{DC9CA65E-9D15-4E7C-B960-5B2BBCE30A2D}.Release|x64.Build.0 = Release|Any CPU
		{DC9CA65E-9D15-4E7C-B960-5B2BBCE30A2D}.Release|x86.ActiveCfg = Release|Any CPU
		{DC9CA65E-9D15-4E7C-B960-5B2BBCE30A2D}.Release|x86.Build.0 = Release|Any CPU
		{3DFA6CCB-AC34-4960-A21A-95EEDAB33576}.Debug|Any CPU.ActiveCfg = Debug|Any CPU
		{3DFA6CCB-AC34-4960-A21A-95EEDAB33576}.Debug|Any CPU.Build.0 = Debug|Any CPU
		{3DFA6CCB-AC34-4960-A21A-95EEDAB33576}.Debug|x64.ActiveCfg = Debug|Any CPU
		{3DFA6CCB-AC34-4960-A21A-95EEDAB33576}.Debug|x64.Build.0 = Debug|Any CPU
		{3DFA6CCB-AC34-4960-A21A-95EEDAB33576}.Debug|x86.ActiveCfg = Debug|Any CPU
		{3DFA6CCB-AC34-4960-A21A-95EEDAB33576}.Debug|x86.Build.0 = Debug|Any CPU
		{3DFA6CCB-AC34-4960-A21A-95EEDAB33576}.Release|Any CPU.ActiveCfg = Release|Any CPU
		{3DFA6CCB-AC34-4960-A21A-95EEDAB33576}.Release|Any CPU.Build.0 = Release|Any CPU
		{3DFA6CCB-AC34-4960-A21A-95EEDAB33576}.Release|x64.ActiveCfg = Release|Any CPU
		{3DFA6CCB-AC34-4960-A21A-95EEDAB33576}.Release|x64.Build.0 = Release|Any CPU
		{3DFA6CCB-AC34-4960-A21A-95EEDAB33576}.Release|x86.ActiveCfg = Release|Any CPU
		{3DFA6CCB-AC34-4960-A21A-95EEDAB33576}.Release|x86.Build.0 = Release|Any CPU
		{225E8933-3A45-48A2-BAF8-8C90AEEEFF42}.Debug|Any CPU.ActiveCfg = Debug|Any CPU
		{225E8933-3A45-48A2-BAF8-8C90AEEEFF42}.Debug|Any CPU.Build.0 = Debug|Any CPU
		{225E8933-3A45-48A2-BAF8-8C90AEEEFF42}.Debug|x64.ActiveCfg = Debug|Any CPU
		{225E8933-3A45-48A2-BAF8-8C90AEEEFF42}.Debug|x64.Build.0 = Debug|Any CPU
		{225E8933-3A45-48A2-BAF8-8C90AEEEFF42}.Debug|x86.ActiveCfg = Debug|Any CPU
		{225E8933-3A45-48A2-BAF8-8C90AEEEFF42}.Debug|x86.Build.0 = Debug|Any CPU
		{225E8933-3A45-48A2-BAF8-8C90AEEEFF42}.Release|Any CPU.ActiveCfg = Release|Any CPU
		{225E8933-3A45-48A2-BAF8-8C90AEEEFF42}.Release|Any CPU.Build.0 = Release|Any CPU
		{225E8933-3A45-48A2-BAF8-8C90AEEEFF42}.Release|x64.ActiveCfg = Release|Any CPU
		{225E8933-3A45-48A2-BAF8-8C90AEEEFF42}.Release|x64.Build.0 = Release|Any CPU
		{225E8933-3A45-48A2-BAF8-8C90AEEEFF42}.Release|x86.ActiveCfg = Release|Any CPU
		{225E8933-3A45-48A2-BAF8-8C90AEEEFF42}.Release|x86.Build.0 = Release|Any CPU
		{855F02BD-A6DE-4A4C-A078-CDE43AF40976}.Debug|Any CPU.ActiveCfg = Debug|Any CPU
		{855F02BD-A6DE-4A4C-A078-CDE43AF40976}.Debug|Any CPU.Build.0 = Debug|Any CPU
		{855F02BD-A6DE-4A4C-A078-CDE43AF40976}.Debug|x64.ActiveCfg = Debug|Any CPU
		{855F02BD-A6DE-4A4C-A078-CDE43AF40976}.Debug|x64.Build.0 = Debug|Any CPU
		{855F02BD-A6DE-4A4C-A078-CDE43AF40976}.Debug|x86.ActiveCfg = Debug|Any CPU
		{855F02BD-A6DE-4A4C-A078-CDE43AF40976}.Debug|x86.Build.0 = Debug|Any CPU
		{855F02BD-A6DE-4A4C-A078-CDE43AF40976}.Release|Any CPU.ActiveCfg = Release|Any CPU
		{855F02BD-A6DE-4A4C-A078-CDE43AF40976}.Release|Any CPU.Build.0 = Release|Any CPU
		{855F02BD-A6DE-4A4C-A078-CDE43AF40976}.Release|x64.ActiveCfg = Release|Any CPU
		{855F02BD-A6DE-4A4C-A078-CDE43AF40976}.Release|x64.Build.0 = Release|Any CPU
		{855F02BD-A6DE-4A4C-A078-CDE43AF40976}.Release|x86.ActiveCfg = Release|Any CPU
		{855F02BD-A6DE-4A4C-A078-CDE43AF40976}.Release|x86.Build.0 = Release|Any CPU
		{4F8BE1D1-1C26-4254-87EC-4A0242F4DF0B}.Debug|Any CPU.ActiveCfg = Debug|Any CPU
		{4F8BE1D1-1C26-4254-87EC-4A0242F4DF0B}.Debug|Any CPU.Build.0 = Debug|Any CPU
		{4F8BE1D1-1C26-4254-87EC-4A0242F4DF0B}.Debug|x64.ActiveCfg = Debug|Any CPU
		{4F8BE1D1-1C26-4254-87EC-4A0242F4DF0B}.Debug|x64.Build.0 = Debug|Any CPU
		{4F8BE1D1-1C26-4254-87EC-4A0242F4DF0B}.Debug|x86.ActiveCfg = Debug|Any CPU
		{4F8BE1D1-1C26-4254-87EC-4A0242F4DF0B}.Debug|x86.Build.0 = Debug|Any CPU
		{4F8BE1D1-1C26-4254-87EC-4A0242F4DF0B}.Release|Any CPU.ActiveCfg = Release|Any CPU
		{4F8BE1D1-1C26-4254-87EC-4A0242F4DF0B}.Release|Any CPU.Build.0 = Release|Any CPU
		{4F8BE1D1-1C26-4254-87EC-4A0242F4DF0B}.Release|x64.ActiveCfg = Release|Any CPU
		{4F8BE1D1-1C26-4254-87EC-4A0242F4DF0B}.Release|x64.Build.0 = Release|Any CPU
		{4F8BE1D1-1C26-4254-87EC-4A0242F4DF0B}.Release|x86.ActiveCfg = Release|Any CPU
		{4F8BE1D1-1C26-4254-87EC-4A0242F4DF0B}.Release|x86.Build.0 = Release|Any CPU
		{D9B40DF0-D6A0-47C1-B378-EC25B00E6DB5}.Debug|Any CPU.ActiveCfg = Debug|Any CPU
		{D9B40DF0-D6A0-47C1-B378-EC25B00E6DB5}.Debug|Any CPU.Build.0 = Debug|Any CPU
		{D9B40DF0-D6A0-47C1-B378-EC25B00E6DB5}.Debug|x64.ActiveCfg = Debug|Any CPU
		{D9B40DF0-D6A0-47C1-B378-EC25B00E6DB5}.Debug|x64.Build.0 = Debug|Any CPU
		{D9B40DF0-D6A0-47C1-B378-EC25B00E6DB5}.Debug|x86.ActiveCfg = Debug|Any CPU
		{D9B40DF0-D6A0-47C1-B378-EC25B00E6DB5}.Debug|x86.Build.0 = Debug|Any CPU
		{D9B40DF0-D6A0-47C1-B378-EC25B00E6DB5}.Release|Any CPU.ActiveCfg = Release|Any CPU
		{D9B40DF0-D6A0-47C1-B378-EC25B00E6DB5}.Release|Any CPU.Build.0 = Release|Any CPU
		{D9B40DF0-D6A0-47C1-B378-EC25B00E6DB5}.Release|x64.ActiveCfg = Release|Any CPU
		{D9B40DF0-D6A0-47C1-B378-EC25B00E6DB5}.Release|x64.Build.0 = Release|Any CPU
		{D9B40DF0-D6A0-47C1-B378-EC25B00E6DB5}.Release|x86.ActiveCfg = Release|Any CPU
		{D9B40DF0-D6A0-47C1-B378-EC25B00E6DB5}.Release|x86.Build.0 = Release|Any CPU
	EndGlobalSection
	GlobalSection(SolutionProperties) = preSolution
		HideSolutionNode = FALSE
	EndGlobalSection
	GlobalSection(NestedProjects) = preSolution
		{DC9CA65E-9D15-4E7C-B960-5B2BBCE30A2D} = {827E0CD3-B72D-47B6-A68D-7590B98EB39B}
		{3DFA6CCB-AC34-4960-A21A-95EEDAB33576} = {827E0CD3-B72D-47B6-A68D-7590B98EB39B}
		{225E8933-3A45-48A2-BAF8-8C90AEEEFF42} = {827E0CD3-B72D-47B6-A68D-7590B98EB39B}
		{855F02BD-A6DE-4A4C-A078-CDE43AF40976} = {827E0CD3-B72D-47B6-A68D-7590B98EB39B}
		{4F8BE1D1-1C26-4254-87EC-4A0242F4DF0B} = {827E0CD3-B72D-47B6-A68D-7590B98EB39B}
		{D9B40DF0-D6A0-47C1-B378-EC25B00E6DB5} = {827E0CD3-B72D-47B6-A68D-7590B98EB39B}
	EndGlobalSection
EndGlobal
